// !$*UTF8*$!
{
	archiveVersion = 1;
	classes = {
	};
	objectVersion = 50;
	objects = {

/* Begin PBXBuildFile section */
		CF674C0122DE325800C035DF /* ToastSwiftFramework.framework in Frameworks */ = {isa = PBXBuildFile; fileRef = CF674C0022DE325800C035DF /* ToastSwiftFramework.framework */; };
		CF674C0822DE468D00C035DF /* ExtensionsTests.swift in Sources */ = {isa = PBXBuildFile; fileRef = CF674C0722DE468D00C035DF /* ExtensionsTests.swift */; };
		CF674C0922DE4C9400C035DF /* UIViewControllerExtension.swift in Sources */ = {isa = PBXBuildFile; fileRef = CFE8BD4622DD24B800A861C9 /* UIViewControllerExtension.swift */; };
		CF674C0B22DEEA5600C035DF /* ModelAndNeworkTests.swift in Sources */ = {isa = PBXBuildFile; fileRef = CF674C0A22DEEA5600C035DF /* ModelAndNeworkTests.swift */; };
		CF674C0F22DEF29300C035DF /* nextPathResponse.json in Resources */ = {isa = PBXBuildFile; fileRef = CF674C0322DE45A400C035DF /* nextPathResponse.json */; };
		CF674C1122DF001000C035DF /* BaseViewTests.swift in Sources */ = {isa = PBXBuildFile; fileRef = CF674C1022DF001000C035DF /* BaseViewTests.swift */; };
		CF674C1322DF00DF00C035DF /* ViewModelTests.swift in Sources */ = {isa = PBXBuildFile; fileRef = CF674C1222DF00DF00C035DF /* ViewModelTests.swift */; };
		CF7B37B822DF4DE200CC2EA7 /* NetworkURL.swift in Sources */ = {isa = PBXBuildFile; fileRef = CF7B37B722DF4DE200CC2EA7 /* NetworkURL.swift */; };
		CF7B37BD22DF711100CC2EA7 /* codeResponse.json in Resources */ = {isa = PBXBuildFile; fileRef = CF674C0222DE45A400C035DF /* codeResponse.json */; };
		CF7B37BE22DF911300CC2EA7 /* MockNetwork.swift in Sources */ = {isa = PBXBuildFile; fileRef = CF674C0D22DEEB0000C035DF /* MockNetwork.swift */; };
		CF7B37BF22DF911600CC2EA7 /* MockNetworkURL.swift in Sources */ = {isa = PBXBuildFile; fileRef = CF7B37BB22DF642900CC2EA7 /* MockNetworkURL.swift */; };
		CFE8BD0D22DCEB7900A861C9 /* AppDelegate.swift in Sources */ = {isa = PBXBuildFile; fileRef = CFE8BD0C22DCEB7900A861C9 /* AppDelegate.swift */; };
		CFE8BD1522DCEB7900A861C9 /* iOSGlobalChallenge.xcdatamodeld in Sources */ = {isa = PBXBuildFile; fileRef = CFE8BD1322DCEB7900A861C9 /* iOSGlobalChallenge.xcdatamodeld */; };
		CFE8BD1722DCEB7A00A861C9 /* Assets.xcassets in Resources */ = {isa = PBXBuildFile; fileRef = CFE8BD1622DCEB7A00A861C9 /* Assets.xcassets */; };
		CFE8BD1A22DCEB7A00A861C9 /* LaunchScreen.storyboard in Resources */ = {isa = PBXBuildFile; fileRef = CFE8BD1822DCEB7A00A861C9 /* LaunchScreen.storyboard */; };
		CFE8BD2522DCEB7A00A861C9 /* iOSGlobalChallengeTests.swift in Sources */ = {isa = PBXBuildFile; fileRef = CFE8BD2422DCEB7A00A861C9 /* iOSGlobalChallengeTests.swift */; };
		CFE8BD3022DCEB7A00A861C9 /* iOSGlobalChallengeUITests.swift in Sources */ = {isa = PBXBuildFile; fileRef = CFE8BD2F22DCEB7A00A861C9 /* iOSGlobalChallengeUITests.swift */; };
		CFE8BD4022DCF3E500A861C9 /* Network.swift in Sources */ = {isa = PBXBuildFile; fileRef = CFE8BD3F22DCF3E500A861C9 /* Network.swift */; };
		CFE8BD4222DD245D00A861C9 /* AppNetwork.swift in Sources */ = {isa = PBXBuildFile; fileRef = CFE8BD4122DD245D00A861C9 /* AppNetwork.swift */; };
		CFE8BD4722DD24BE00A861C9 /* NSObjectExtension.swift in Sources */ = {isa = PBXBuildFile; fileRef = CFE8BD4522DD24B700A861C9 /* NSObjectExtension.swift */; };
		CFE8BD4A22DD268D00A861C9 /* Constants.swift in Sources */ = {isa = PBXBuildFile; fileRef = CFE8BD4922DD268900A861C9 /* Constants.swift */; };
		CFE8BD4B22DD269000A861C9 /* StyleManager.swift in Sources */ = {isa = PBXBuildFile; fileRef = CFE8BD4822DD268900A861C9 /* StyleManager.swift */; };
		CFE8BD4D22DD27C700A861C9 /* PathResponse.swift in Sources */ = {isa = PBXBuildFile; fileRef = CFE8BD4C22DD27C700A861C9 /* PathResponse.swift */; };
		CFE8BD5122DD289600A861C9 /* CodeResponse.swift in Sources */ = {isa = PBXBuildFile; fileRef = CFE8BD5022DD289600A861C9 /* CodeResponse.swift */; };
		CFE8BD5322DD294E00A861C9 /* NetworkManager.swift in Sources */ = {isa = PBXBuildFile; fileRef = CFE8BD5222DD294E00A861C9 /* NetworkManager.swift */; };
		CFE8BD5622DDAF0700A861C9 /* RxSwift.framework in Frameworks */ = {isa = PBXBuildFile; fileRef = CFE8BD5522DDAF0700A861C9 /* RxSwift.framework */; };
		CFE8BD5822DDAF0F00A861C9 /* RxCocoa.framework in Frameworks */ = {isa = PBXBuildFile; fileRef = CFE8BD5722DDAF0F00A861C9 /* RxCocoa.framework */; };
		CFE8BD5D22DDC74600A861C9 /* UIVIewExtension.swift in Sources */ = {isa = PBXBuildFile; fileRef = CFE8BD5C22DDC74600A861C9 /* UIVIewExtension.swift */; };
		CFE8BD5F22DDC7C400A861C9 /* CodeGeneratorViewController.swift in Sources */ = {isa = PBXBuildFile; fileRef = CFE8BD5E22DDC7C400A861C9 /* CodeGeneratorViewController.swift */; };
		CFE8BD6122DDC7E000A861C9 /* CodeGeneratorView.swift in Sources */ = {isa = PBXBuildFile; fileRef = CFE8BD6022DDC7E000A861C9 /* CodeGeneratorView.swift */; };
		CFE8BD6322DDC84600A861C9 /* BaseLabel.swift in Sources */ = {isa = PBXBuildFile; fileRef = CFE8BD6222DDC84600A861C9 /* BaseLabel.swift */; };
		CFE8BD6522DDC9C800A861C9 /* BaseButton.swift in Sources */ = {isa = PBXBuildFile; fileRef = CFE8BD6422DDC9C800A861C9 /* BaseButton.swift */; };
		CFE8BD6722DDD09C00A861C9 /* UIButtonExtension.swift in Sources */ = {isa = PBXBuildFile; fileRef = CFE8BD6622DDD09C00A861C9 /* UIButtonExtension.swift */; };
		CFE8BD6922DDD22600A861C9 /* UIEdgeInsetsExtension.swift in Sources */ = {isa = PBXBuildFile; fileRef = CFE8BD6822DDD22600A861C9 /* UIEdgeInsetsExtension.swift */; };
		CFE8BD6B22DDD71700A861C9 /* UINavigationControllerExtension.swift in Sources */ = {isa = PBXBuildFile; fileRef = CFE8BD6A22DDD71700A861C9 /* UINavigationControllerExtension.swift */; };
		CFE8BD6D22DDD75600A861C9 /* BaseViewController.swift in Sources */ = {isa = PBXBuildFile; fileRef = CFE8BD6C22DDD75600A861C9 /* BaseViewController.swift */; };
		CFE8BD6F22DDDFFE00A861C9 /* Localizable.strings in Resources */ = {isa = PBXBuildFile; fileRef = CFE8BD6E22DDDFFE00A861C9 /* Localizable.strings */; };
		CFE8BD7222DDE5A600A861C9 /* CodeGeneratorViewModel.swift in Sources */ = {isa = PBXBuildFile; fileRef = CFE8BD7122DDE5A600A861C9 /* CodeGeneratorViewModel.swift */; };
/* End PBXBuildFile section */

/* Begin PBXContainerItemProxy section */
		CFE8BD2122DCEB7A00A861C9 /* PBXContainerItemProxy */ = {
			isa = PBXContainerItemProxy;
			containerPortal = CFE8BD0122DCEB7900A861C9 /* Project object */;
			proxyType = 1;
			remoteGlobalIDString = CFE8BD0822DCEB7900A861C9;
			remoteInfo = iOSGlobalChallenge;
		};
		CFE8BD2C22DCEB7A00A861C9 /* PBXContainerItemProxy */ = {
			isa = PBXContainerItemProxy;
			containerPortal = CFE8BD0122DCEB7900A861C9 /* Project object */;
			proxyType = 1;
			remoteGlobalIDString = CFE8BD0822DCEB7900A861C9;
			remoteInfo = iOSGlobalChallenge;
		};
/* End PBXContainerItemProxy section */

/* Begin PBXFileReference section */
		CF674C0022DE325800C035DF /* ToastSwiftFramework.framework */ = {isa = PBXFileReference; lastKnownFileType = wrapper.framework; name = ToastSwiftFramework.framework; path = Carthage/Build/iOS/ToastSwiftFramework.framework; sourceTree = "<group>"; };
		CF674C0222DE45A400C035DF /* codeResponse.json */ = {isa = PBXFileReference; fileEncoding = 4; lastKnownFileType = text.json; path = codeResponse.json; sourceTree = "<group>"; };
		CF674C0322DE45A400C035DF /* nextPathResponse.json */ = {isa = PBXFileReference; fileEncoding = 4; lastKnownFileType = text.json; path = nextPathResponse.json; sourceTree = "<group>"; };
		CF674C0722DE468D00C035DF /* ExtensionsTests.swift */ = {isa = PBXFileReference; lastKnownFileType = sourcecode.swift; path = ExtensionsTests.swift; sourceTree = "<group>"; };
		CF674C0A22DEEA5600C035DF /* ModelAndNeworkTests.swift */ = {isa = PBXFileReference; lastKnownFileType = sourcecode.swift; path = ModelAndNeworkTests.swift; sourceTree = "<group>"; };
		CF674C0D22DEEB0000C035DF /* MockNetwork.swift */ = {isa = PBXFileReference; lastKnownFileType = sourcecode.swift; path = MockNetwork.swift; sourceTree = "<group>"; };
		CF674C1022DF001000C035DF /* BaseViewTests.swift */ = {isa = PBXFileReference; lastKnownFileType = sourcecode.swift; path = BaseViewTests.swift; sourceTree = "<group>"; };
		CF674C1222DF00DF00C035DF /* ViewModelTests.swift */ = {isa = PBXFileReference; lastKnownFileType = sourcecode.swift; path = ViewModelTests.swift; sourceTree = "<group>"; };
		CF7B37B722DF4DE200CC2EA7 /* NetworkURL.swift */ = {isa = PBXFileReference; lastKnownFileType = sourcecode.swift; path = NetworkURL.swift; sourceTree = "<group>"; };
		CF7B37BB22DF642900CC2EA7 /* MockNetworkURL.swift */ = {isa = PBXFileReference; lastKnownFileType = sourcecode.swift; path = MockNetworkURL.swift; sourceTree = "<group>"; };
		CFE8BD0922DCEB7900A861C9 /* iOSGlobalChallenge.app */ = {isa = PBXFileReference; explicitFileType = wrapper.application; includeInIndex = 0; path = iOSGlobalChallenge.app; sourceTree = BUILT_PRODUCTS_DIR; };
		CFE8BD0C22DCEB7900A861C9 /* AppDelegate.swift */ = {isa = PBXFileReference; lastKnownFileType = sourcecode.swift; path = AppDelegate.swift; sourceTree = "<group>"; };
		CFE8BD1422DCEB7900A861C9 /* iOSGlobalChallenge.xcdatamodel */ = {isa = PBXFileReference; lastKnownFileType = wrapper.xcdatamodel; path = iOSGlobalChallenge.xcdatamodel; sourceTree = "<group>"; };
		CFE8BD1622DCEB7A00A861C9 /* Assets.xcassets */ = {isa = PBXFileReference; lastKnownFileType = folder.assetcatalog; path = Assets.xcassets; sourceTree = "<group>"; };
		CFE8BD1922DCEB7A00A861C9 /* Base */ = {isa = PBXFileReference; lastKnownFileType = file.storyboard; name = Base; path = Base.lproj/LaunchScreen.storyboard; sourceTree = "<group>"; };
		CFE8BD1B22DCEB7A00A861C9 /* Info.plist */ = {isa = PBXFileReference; lastKnownFileType = text.plist.xml; path = Info.plist; sourceTree = "<group>"; };
		CFE8BD2022DCEB7A00A861C9 /* iOSGlobalChallengeTests.xctest */ = {isa = PBXFileReference; explicitFileType = wrapper.cfbundle; includeInIndex = 0; path = iOSGlobalChallengeTests.xctest; sourceTree = BUILT_PRODUCTS_DIR; };
		CFE8BD2422DCEB7A00A861C9 /* iOSGlobalChallengeTests.swift */ = {isa = PBXFileReference; lastKnownFileType = sourcecode.swift; path = iOSGlobalChallengeTests.swift; sourceTree = "<group>"; };
		CFE8BD2622DCEB7A00A861C9 /* Info.plist */ = {isa = PBXFileReference; lastKnownFileType = text.plist.xml; path = Info.plist; sourceTree = "<group>"; };
		CFE8BD2B22DCEB7A00A861C9 /* iOSGlobalChallengeUITests.xctest */ = {isa = PBXFileReference; explicitFileType = wrapper.cfbundle; includeInIndex = 0; path = iOSGlobalChallengeUITests.xctest; sourceTree = BUILT_PRODUCTS_DIR; };
		CFE8BD2F22DCEB7A00A861C9 /* iOSGlobalChallengeUITests.swift */ = {isa = PBXFileReference; lastKnownFileType = sourcecode.swift; path = iOSGlobalChallengeUITests.swift; sourceTree = "<group>"; };
		CFE8BD3122DCEB7A00A861C9 /* Info.plist */ = {isa = PBXFileReference; lastKnownFileType = text.plist.xml; path = Info.plist; sourceTree = "<group>"; };
		CFE8BD3F22DCF3E500A861C9 /* Network.swift */ = {isa = PBXFileReference; lastKnownFileType = sourcecode.swift; path = Network.swift; sourceTree = "<group>"; };
		CFE8BD4122DD245D00A861C9 /* AppNetwork.swift */ = {isa = PBXFileReference; lastKnownFileType = sourcecode.swift; path = AppNetwork.swift; sourceTree = "<group>"; };
		CFE8BD4522DD24B700A861C9 /* NSObjectExtension.swift */ = {isa = PBXFileReference; lastKnownFileType = sourcecode.swift; path = NSObjectExtension.swift; sourceTree = "<group>"; };
		CFE8BD4622DD24B800A861C9 /* UIViewControllerExtension.swift */ = {isa = PBXFileReference; lastKnownFileType = sourcecode.swift; path = UIViewControllerExtension.swift; sourceTree = "<group>"; };
		CFE8BD4822DD268900A861C9 /* StyleManager.swift */ = {isa = PBXFileReference; lastKnownFileType = sourcecode.swift; path = StyleManager.swift; sourceTree = "<group>"; };
		CFE8BD4922DD268900A861C9 /* Constants.swift */ = {isa = PBXFileReference; lastKnownFileType = sourcecode.swift; path = Constants.swift; sourceTree = "<group>"; };
		CFE8BD4C22DD27C700A861C9 /* PathResponse.swift */ = {isa = PBXFileReference; lastKnownFileType = sourcecode.swift; path = PathResponse.swift; sourceTree = "<group>"; };
		CFE8BD5022DD289600A861C9 /* CodeResponse.swift */ = {isa = PBXFileReference; lastKnownFileType = sourcecode.swift; path = CodeResponse.swift; sourceTree = "<group>"; };
		CFE8BD5222DD294E00A861C9 /* NetworkManager.swift */ = {isa = PBXFileReference; lastKnownFileType = sourcecode.swift; path = NetworkManager.swift; sourceTree = "<group>"; };
		CFE8BD5522DDAF0700A861C9 /* RxSwift.framework */ = {isa = PBXFileReference; lastKnownFileType = wrapper.framework; name = RxSwift.framework; path = Carthage/Build/iOS/RxSwift.framework; sourceTree = "<group>"; };
		CFE8BD5722DDAF0F00A861C9 /* RxCocoa.framework */ = {isa = PBXFileReference; lastKnownFileType = wrapper.framework; name = RxCocoa.framework; path = Carthage/Build/iOS/RxCocoa.framework; sourceTree = "<group>"; };
		CFE8BD5C22DDC74600A861C9 /* UIVIewExtension.swift */ = {isa = PBXFileReference; lastKnownFileType = sourcecode.swift; path = UIVIewExtension.swift; sourceTree = "<group>"; };
		CFE8BD5E22DDC7C400A861C9 /* CodeGeneratorViewController.swift */ = {isa = PBXFileReference; lastKnownFileType = sourcecode.swift; path = CodeGeneratorViewController.swift; sourceTree = "<group>"; };
		CFE8BD6022DDC7E000A861C9 /* CodeGeneratorView.swift */ = {isa = PBXFileReference; lastKnownFileType = sourcecode.swift; path = CodeGeneratorView.swift; sourceTree = "<group>"; };
		CFE8BD6222DDC84600A861C9 /* BaseLabel.swift */ = {isa = PBXFileReference; lastKnownFileType = sourcecode.swift; path = BaseLabel.swift; sourceTree = "<group>"; };
		CFE8BD6422DDC9C800A861C9 /* BaseButton.swift */ = {isa = PBXFileReference; fileEncoding = 4; lastKnownFileType = sourcecode.swift; path = BaseButton.swift; sourceTree = "<group>"; };
		CFE8BD6622DDD09C00A861C9 /* UIButtonExtension.swift */ = {isa = PBXFileReference; fileEncoding = 4; lastKnownFileType = sourcecode.swift; path = UIButtonExtension.swift; sourceTree = "<group>"; };
		CFE8BD6822DDD22600A861C9 /* UIEdgeInsetsExtension.swift */ = {isa = PBXFileReference; fileEncoding = 4; lastKnownFileType = sourcecode.swift; path = UIEdgeInsetsExtension.swift; sourceTree = "<group>"; };
		CFE8BD6A22DDD71700A861C9 /* UINavigationControllerExtension.swift */ = {isa = PBXFileReference; fileEncoding = 4; lastKnownFileType = sourcecode.swift; path = UINavigationControllerExtension.swift; sourceTree = "<group>"; };
		CFE8BD6C22DDD75600A861C9 /* BaseViewController.swift */ = {isa = PBXFileReference; fileEncoding = 4; lastKnownFileType = sourcecode.swift; path = BaseViewController.swift; sourceTree = "<group>"; };
		CFE8BD6E22DDDFFE00A861C9 /* Localizable.strings */ = {isa = PBXFileReference; lastKnownFileType = text.plist.strings; path = Localizable.strings; sourceTree = "<group>"; };
		CFE8BD7122DDE5A600A861C9 /* CodeGeneratorViewModel.swift */ = {isa = PBXFileReference; lastKnownFileType = sourcecode.swift; path = CodeGeneratorViewModel.swift; sourceTree = "<group>"; };
/* End PBXFileReference section */

/* Begin PBXFrameworksBuildPhase section */
		CFE8BD0622DCEB7900A861C9 /* Frameworks */ = {
			isa = PBXFrameworksBuildPhase;
			buildActionMask = 2147483647;
			files = (
				CFE8BD5622DDAF0700A861C9 /* RxSwift.framework in Frameworks */,
				CFE8BD5822DDAF0F00A861C9 /* RxCocoa.framework in Frameworks */,
				CF674C0122DE325800C035DF /* ToastSwiftFramework.framework in Frameworks */,
			);
			runOnlyForDeploymentPostprocessing = 0;
		};
		CFE8BD1D22DCEB7A00A861C9 /* Frameworks */ = {
			isa = PBXFrameworksBuildPhase;
			buildActionMask = 2147483647;
			files = (
			);
			runOnlyForDeploymentPostprocessing = 0;
		};
		CFE8BD2822DCEB7A00A861C9 /* Frameworks */ = {
			isa = PBXFrameworksBuildPhase;
			buildActionMask = 2147483647;
			files = (
			);
			runOnlyForDeploymentPostprocessing = 0;
		};
/* End PBXFrameworksBuildPhase section */

/* Begin PBXGroup section */
		CF674C0622DE45C500C035DF /* SupportingFiles */ = {
			isa = PBXGroup;
			children = (
				CF674C0222DE45A400C035DF /* codeResponse.json */,
				CF674C0322DE45A400C035DF /* nextPathResponse.json */,
				CFE8BD2622DCEB7A00A861C9 /* Info.plist */,
			);
			path = SupportingFiles;
			sourceTree = "<group>";
		};
		CF674C0C22DEEAE900C035DF /* Model */ = {
			isa = PBXGroup;
			children = (
				CF674C0D22DEEB0000C035DF /* MockNetwork.swift */,
				CF7B37BB22DF642900CC2EA7 /* MockNetworkURL.swift */,
			);
			path = Model;
			sourceTree = "<group>";
		};
		CFE8BD0022DCEB7900A861C9 = {
			isa = PBXGroup;
			children = (
				CFE8BD0B22DCEB7900A861C9 /* iOSGlobalChallenge */,
				CFE8BD2322DCEB7A00A861C9 /* iOSGlobalChallengeTests */,
				CFE8BD2E22DCEB7A00A861C9 /* iOSGlobalChallengeUITests */,
				CFE8BD0A22DCEB7900A861C9 /* Products */,
				CFE8BD5422DDAF0700A861C9 /* Frameworks */,
			);
			sourceTree = "<group>";
		};
		CFE8BD0A22DCEB7900A861C9 /* Products */ = {
			isa = PBXGroup;
			children = (
				CFE8BD0922DCEB7900A861C9 /* iOSGlobalChallenge.app */,
				CFE8BD2022DCEB7A00A861C9 /* iOSGlobalChallengeTests.xctest */,
				CFE8BD2B22DCEB7A00A861C9 /* iOSGlobalChallengeUITests.xctest */,
			);
			name = Products;
			sourceTree = "<group>";
		};
		CFE8BD0B22DCEB7900A861C9 /* iOSGlobalChallenge */ = {
			isa = PBXGroup;
			children = (
				CFE8BD0C22DCEB7900A861C9 /* AppDelegate.swift */,
				CFE8BD4322DD247800A861C9 /* Helpers */,
				CFE8BD3E22DCF3D500A861C9 /* Model */,
				CFE8BD7022DDE56C00A861C9 /* ViewModel */,
				CFE8BD5B22DDC6EE00A861C9 /* Views */,
				CFE8BD5A22DDC6D700A861C9 /* ViewControllers */,
				CFE8BD3D22DCEB9900A861C9 /* SupportingFiles */,
			);
			path = iOSGlobalChallenge;
			sourceTree = "<group>";
		};
		CFE8BD2322DCEB7A00A861C9 /* iOSGlobalChallengeTests */ = {
			isa = PBXGroup;
			children = (
				CF674C0C22DEEAE900C035DF /* Model */,
				CFE8BD2422DCEB7A00A861C9 /* iOSGlobalChallengeTests.swift */,
				CF674C0722DE468D00C035DF /* ExtensionsTests.swift */,
				CF674C0A22DEEA5600C035DF /* ModelAndNeworkTests.swift */,
				CF674C1222DF00DF00C035DF /* ViewModelTests.swift */,
				CF674C1022DF001000C035DF /* BaseViewTests.swift */,
				CF674C0622DE45C500C035DF /* SupportingFiles */,
			);
			path = iOSGlobalChallengeTests;
			sourceTree = "<group>";
		};
		CFE8BD2E22DCEB7A00A861C9 /* iOSGlobalChallengeUITests */ = {
			isa = PBXGroup;
			children = (
				CFE8BD2F22DCEB7A00A861C9 /* iOSGlobalChallengeUITests.swift */,
				CFE8BD3122DCEB7A00A861C9 /* Info.plist */,
			);
			path = iOSGlobalChallengeUITests;
			sourceTree = "<group>";
		};
		CFE8BD3D22DCEB9900A861C9 /* SupportingFiles */ = {
			isa = PBXGroup;
			children = (
				CFE8BD1622DCEB7A00A861C9 /* Assets.xcassets */,
				CFE8BD1822DCEB7A00A861C9 /* LaunchScreen.storyboard */,
				CFE8BD1B22DCEB7A00A861C9 /* Info.plist */,
				CFE8BD1322DCEB7900A861C9 /* iOSGlobalChallenge.xcdatamodeld */,
				CFE8BD6E22DDDFFE00A861C9 /* Localizable.strings */,
			);
			path = SupportingFiles;
			sourceTree = "<group>";
		};
		CFE8BD3E22DCF3D500A861C9 /* Model */ = {
			isa = PBXGroup;
			children = (
				CFE8BD4122DD245D00A861C9 /* AppNetwork.swift */,
				CFE8BD5022DD289600A861C9 /* CodeResponse.swift */,
				CFE8BD3F22DCF3E500A861C9 /* Network.swift */,
				CF7B37B722DF4DE200CC2EA7 /* NetworkURL.swift */,
				CFE8BD4C22DD27C700A861C9 /* PathResponse.swift */,
			);
			path = Model;
			sourceTree = "<group>";
		};
		CFE8BD4322DD247800A861C9 /* Helpers */ = {
			isa = PBXGroup;
			children = (
				CFE8BD4422DD249000A861C9 /* Extensions */,
				CFE8BD4922DD268900A861C9 /* Constants.swift */,
				CFE8BD5222DD294E00A861C9 /* NetworkManager.swift */,
				CFE8BD4822DD268900A861C9 /* StyleManager.swift */,
			);
			path = Helpers;
			sourceTree = "<group>";
		};
		CFE8BD4422DD249000A861C9 /* Extensions */ = {
			isa = PBXGroup;
			children = (
				CFE8BD4522DD24B700A861C9 /* NSObjectExtension.swift */,
				CFE8BD6622DDD09C00A861C9 /* UIButtonExtension.swift */,
				CFE8BD6822DDD22600A861C9 /* UIEdgeInsetsExtension.swift */,
				CFE8BD6A22DDD71700A861C9 /* UINavigationControllerExtension.swift */,
				CFE8BD5C22DDC74600A861C9 /* UIVIewExtension.swift */,
				CFE8BD4622DD24B800A861C9 /* UIViewControllerExtension.swift */,
			);
			path = Extensions;
			sourceTree = "<group>";
		};
		CFE8BD5422DDAF0700A861C9 /* Frameworks */ = {
			isa = PBXGroup;
			children = (
				CF674C0022DE325800C035DF /* ToastSwiftFramework.framework */,
				CFE8BD5722DDAF0F00A861C9 /* RxCocoa.framework */,
				CFE8BD5522DDAF0700A861C9 /* RxSwift.framework */,
			);
			name = Frameworks;
			sourceTree = "<group>";
		};
		CFE8BD5A22DDC6D700A861C9 /* ViewControllers */ = {
			isa = PBXGroup;
			children = (
				CFE8BD6C22DDD75600A861C9 /* BaseViewController.swift */,
				CFE8BD5E22DDC7C400A861C9 /* CodeGeneratorViewController.swift */,
			);
			path = ViewControllers;
			sourceTree = "<group>";
		};
		CFE8BD5B22DDC6EE00A861C9 /* Views */ = {
			isa = PBXGroup;
			children = (
				CFE8BD6422DDC9C800A861C9 /* BaseButton.swift */,
				CFE8BD6222DDC84600A861C9 /* BaseLabel.swift */,
				CFE8BD6022DDC7E000A861C9 /* CodeGeneratorView.swift */,
			);
			path = Views;
			sourceTree = "<group>";
		};
		CFE8BD7022DDE56C00A861C9 /* ViewModel */ = {
			isa = PBXGroup;
			children = (
				CFE8BD7122DDE5A600A861C9 /* CodeGeneratorViewModel.swift */,
			);
			path = ViewModel;
			sourceTree = "<group>";
		};
/* End PBXGroup section */

/* Begin PBXNativeTarget section */
		CFE8BD0822DCEB7900A861C9 /* iOSGlobalChallenge */ = {
			isa = PBXNativeTarget;
			buildConfigurationList = CFE8BD3422DCEB7A00A861C9 /* Build configuration list for PBXNativeTarget "iOSGlobalChallenge" */;
			buildPhases = (
				CFE8BD0522DCEB7900A861C9 /* Sources */,
				CFE8BD0622DCEB7900A861C9 /* Frameworks */,
				CFE8BD0722DCEB7900A861C9 /* Resources */,
				CFE8BD5922DDAF1D00A861C9 /* Carthage Run Script */,
			);
			buildRules = (
			);
			dependencies = (
			);
			name = iOSGlobalChallenge;
			productName = iOSGlobalChallenge;
			productReference = CFE8BD0922DCEB7900A861C9 /* iOSGlobalChallenge.app */;
			productType = "com.apple.product-type.application";
		};
		CFE8BD1F22DCEB7A00A861C9 /* iOSGlobalChallengeTests */ = {
			isa = PBXNativeTarget;
			buildConfigurationList = CFE8BD3722DCEB7A00A861C9 /* Build configuration list for PBXNativeTarget "iOSGlobalChallengeTests" */;
			buildPhases = (
				CFE8BD1C22DCEB7A00A861C9 /* Sources */,
				CFE8BD1D22DCEB7A00A861C9 /* Frameworks */,
				CFE8BD1E22DCEB7A00A861C9 /* Resources */,
			);
			buildRules = (
			);
			dependencies = (
				CFE8BD2222DCEB7A00A861C9 /* PBXTargetDependency */,
			);
			name = iOSGlobalChallengeTests;
			productName = iOSGlobalChallengeTests;
			productReference = CFE8BD2022DCEB7A00A861C9 /* iOSGlobalChallengeTests.xctest */;
			productType = "com.apple.product-type.bundle.unit-test";
		};
		CFE8BD2A22DCEB7A00A861C9 /* iOSGlobalChallengeUITests */ = {
			isa = PBXNativeTarget;
			buildConfigurationList = CFE8BD3A22DCEB7A00A861C9 /* Build configuration list for PBXNativeTarget "iOSGlobalChallengeUITests" */;
			buildPhases = (
				CFE8BD2722DCEB7A00A861C9 /* Sources */,
				CFE8BD2822DCEB7A00A861C9 /* Frameworks */,
				CFE8BD2922DCEB7A00A861C9 /* Resources */,
			);
			buildRules = (
			);
			dependencies = (
				CFE8BD2D22DCEB7A00A861C9 /* PBXTargetDependency */,
			);
			name = iOSGlobalChallengeUITests;
			productName = iOSGlobalChallengeUITests;
			productReference = CFE8BD2B22DCEB7A00A861C9 /* iOSGlobalChallengeUITests.xctest */;
			productType = "com.apple.product-type.bundle.ui-testing";
		};
/* End PBXNativeTarget section */

/* Begin PBXProject section */
		CFE8BD0122DCEB7900A861C9 /* Project object */ = {
			isa = PBXProject;
			attributes = {
				LastSwiftUpdateCheck = 1020;
				LastUpgradeCheck = 1020;
				ORGANIZATIONNAME = "Reimond Hill";
				TargetAttributes = {
					CFE8BD0822DCEB7900A861C9 = {
						CreatedOnToolsVersion = 10.2.1;
					};
					CFE8BD1F22DCEB7A00A861C9 = {
						CreatedOnToolsVersion = 10.2.1;
						TestTargetID = CFE8BD0822DCEB7900A861C9;
					};
					CFE8BD2A22DCEB7A00A861C9 = {
						CreatedOnToolsVersion = 10.2.1;
						TestTargetID = CFE8BD0822DCEB7900A861C9;
					};
				};
			};
			buildConfigurationList = CFE8BD0422DCEB7900A861C9 /* Build configuration list for PBXProject "iOSGlobalChallenge" */;
			compatibilityVersion = "Xcode 9.3";
			developmentRegion = en;
			hasScannedForEncodings = 0;
			knownRegions = (
				en,
				Base,
			);
			mainGroup = CFE8BD0022DCEB7900A861C9;
			productRefGroup = CFE8BD0A22DCEB7900A861C9 /* Products */;
			projectDirPath = "";
			projectRoot = "";
			targets = (
				CFE8BD0822DCEB7900A861C9 /* iOSGlobalChallenge */,
				CFE8BD1F22DCEB7A00A861C9 /* iOSGlobalChallengeTests */,
				CFE8BD2A22DCEB7A00A861C9 /* iOSGlobalChallengeUITests */,
			);
		};
/* End PBXProject section */

/* Begin PBXResourcesBuildPhase section */
		CFE8BD0722DCEB7900A861C9 /* Resources */ = {
			isa = PBXResourcesBuildPhase;
			buildActionMask = 2147483647;
			files = (
				CF674C0F22DEF29300C035DF /* nextPathResponse.json in Resources */,
				CFE8BD1A22DCEB7A00A861C9 /* LaunchScreen.storyboard in Resources */,
				CF7B37BD22DF711100CC2EA7 /* codeResponse.json in Resources */,
				CFE8BD6F22DDDFFE00A861C9 /* Localizable.strings in Resources */,
				CFE8BD1722DCEB7A00A861C9 /* Assets.xcassets in Resources */,
			);
			runOnlyForDeploymentPostprocessing = 0;
		};
		CFE8BD1E22DCEB7A00A861C9 /* Resources */ = {
			isa = PBXResourcesBuildPhase;
			buildActionMask = 2147483647;
			files = (
			);
			runOnlyForDeploymentPostprocessing = 0;
		};
		CFE8BD2922DCEB7A00A861C9 /* Resources */ = {
			isa = PBXResourcesBuildPhase;
			buildActionMask = 2147483647;
			files = (
			);
			runOnlyForDeploymentPostprocessing = 0;
		};
/* End PBXResourcesBuildPhase section */

/* Begin PBXShellScriptBuildPhase section */
		CFE8BD5922DDAF1D00A861C9 /* Carthage Run Script */ = {
			isa = PBXShellScriptBuildPhase;
			buildActionMask = 2147483647;
			files = (
			);
			inputFileListPaths = (
			);
			inputPaths = (
				"$(SRCROOT)/Carthage/Build/iOS/RxSwift.framework",
				"$(SRCROOT)/Carthage/Build/iOS/RxCocoa.framework",
				"$(SRCROOT)/Carthage/Build/iOS/RxRelay.framework",
				"$(SRCROOT)/Carthage/Build/iOS/ToastSwiftFramework.framework",
				"$(SRCROOT)/Carthage/Build/iOS/RxTest.framework",
			);
			name = "Carthage Run Script";
			outputFileListPaths = (
			);
			outputPaths = (
				"$(BUILT_PRODUCTS_DIR)/$(FRAMEWORKS_FOLDER_PATH)/RxSwift.framework",
				"$(BUILT_PRODUCTS_DIR)/$(FRAMEWORKS_FOLDER_PATH)/RxCocoa.framework",
				"$(BUILT_PRODUCTS_DIR)/$(FRAMEWORKS_FOLDER_PATH)/RxRelay.framework",
				"$(BUILT_PRODUCTS_DIR)/$(FRAMEWORKS_FOLDER_PATH)/ToastSwiftFramework.framework",
				"$(BUILT_PRODUCTS_DIR)/$(FRAMEWORKS_FOLDER_PATH)/RxTest.framework",
			);
			runOnlyForDeploymentPostprocessing = 0;
			shellPath = /bin/sh;
			shellScript = "/usr/local/bin/carthage copy-frameworks\n";
		};
/* End PBXShellScriptBuildPhase section */

/* Begin PBXSourcesBuildPhase section */
		CFE8BD0522DCEB7900A861C9 /* Sources */ = {
			isa = PBXSourcesBuildPhase;
			buildActionMask = 2147483647;
			files = (
				CFE8BD1522DCEB7900A861C9 /* iOSGlobalChallenge.xcdatamodeld in Sources */,
				CFE8BD4722DD24BE00A861C9 /* NSObjectExtension.swift in Sources */,
				CFE8BD6522DDC9C800A861C9 /* BaseButton.swift in Sources */,
				CFE8BD4D22DD27C700A861C9 /* PathResponse.swift in Sources */,
				CFE8BD6922DDD22600A861C9 /* UIEdgeInsetsExtension.swift in Sources */,
				CF674C0922DE4C9400C035DF /* UIViewControllerExtension.swift in Sources */,
				CF7B37BF22DF911600CC2EA7 /* MockNetworkURL.swift in Sources */,
				CFE8BD6D22DDD75600A861C9 /* BaseViewController.swift in Sources */,
				CFE8BD0D22DCEB7900A861C9 /* AppDelegate.swift in Sources */,
				CFE8BD6322DDC84600A861C9 /* BaseLabel.swift in Sources */,
				CFE8BD7222DDE5A600A861C9 /* CodeGeneratorViewModel.swift in Sources */,
				CFE8BD5322DD294E00A861C9 /* NetworkManager.swift in Sources */,
				CFE8BD6722DDD09C00A861C9 /* UIButtonExtension.swift in Sources */,
				CFE8BD4222DD245D00A861C9 /* AppNetwork.swift in Sources */,
				CFE8BD5D22DDC74600A861C9 /* UIVIewExtension.swift in Sources */,
				CFE8BD4022DCF3E500A861C9 /* Network.swift in Sources */,
				CFE8BD4A22DD268D00A861C9 /* Constants.swift in Sources */,
				CFE8BD5F22DDC7C400A861C9 /* CodeGeneratorViewController.swift in Sources */,
				CFE8BD6122DDC7E000A861C9 /* CodeGeneratorView.swift in Sources */,
				CFE8BD6B22DDD71700A861C9 /* UINavigationControllerExtension.swift in Sources */,
				CFE8BD4B22DD269000A861C9 /* StyleManager.swift in Sources */,
				CF7B37BE22DF911300CC2EA7 /* MockNetwork.swift in Sources */,
				CF7B37B822DF4DE200CC2EA7 /* NetworkURL.swift in Sources */,
				CFE8BD5122DD289600A861C9 /* CodeResponse.swift in Sources */,
			);
			runOnlyForDeploymentPostprocessing = 0;
		};
		CFE8BD1C22DCEB7A00A861C9 /* Sources */ = {
			isa = PBXSourcesBuildPhase;
			buildActionMask = 2147483647;
			files = (
				CFE8BD2522DCEB7A00A861C9 /* iOSGlobalChallengeTests.swift in Sources */,
				CF674C1322DF00DF00C035DF /* ViewModelTests.swift in Sources */,
				CF674C0B22DEEA5600C035DF /* ModelAndNeworkTests.swift in Sources */,
				CF674C1122DF001000C035DF /* BaseViewTests.swift in Sources */,
				CF674C0822DE468D00C035DF /* ExtensionsTests.swift in Sources */,
			);
			runOnlyForDeploymentPostprocessing = 0;
		};
		CFE8BD2722DCEB7A00A861C9 /* Sources */ = {
			isa = PBXSourcesBuildPhase;
			buildActionMask = 2147483647;
			files = (
				CFE8BD3022DCEB7A00A861C9 /* iOSGlobalChallengeUITests.swift in Sources */,
			);
			runOnlyForDeploymentPostprocessing = 0;
		};
/* End PBXSourcesBuildPhase section */

/* Begin PBXTargetDependency section */
		CFE8BD2222DCEB7A00A861C9 /* PBXTargetDependency */ = {
			isa = PBXTargetDependency;
			target = CFE8BD0822DCEB7900A861C9 /* iOSGlobalChallenge */;
			targetProxy = CFE8BD2122DCEB7A00A861C9 /* PBXContainerItemProxy */;
		};
		CFE8BD2D22DCEB7A00A861C9 /* PBXTargetDependency */ = {
			isa = PBXTargetDependency;
			target = CFE8BD0822DCEB7900A861C9 /* iOSGlobalChallenge */;
			targetProxy = CFE8BD2C22DCEB7A00A861C9 /* PBXContainerItemProxy */;
		};
/* End PBXTargetDependency section */

/* Begin PBXVariantGroup section */
		CFE8BD1822DCEB7A00A861C9 /* LaunchScreen.storyboard */ = {
			isa = PBXVariantGroup;
			children = (
				CFE8BD1922DCEB7A00A861C9 /* Base */,
			);
			name = LaunchScreen.storyboard;
			sourceTree = "<group>";
		};
/* End PBXVariantGroup section */

/* Begin XCBuildConfiguration section */
		CFE8BD3222DCEB7A00A861C9 /* Debug */ = {
			isa = XCBuildConfiguration;
			buildSettings = {
				ALWAYS_SEARCH_USER_PATHS = NO;
				CLANG_ANALYZER_NONNULL = YES;
				CLANG_ANALYZER_NUMBER_OBJECT_CONVERSION = YES_AGGRESSIVE;
				CLANG_CXX_LANGUAGE_STANDARD = "gnu++14";
				CLANG_CXX_LIBRARY = "libc++";
				CLANG_ENABLE_MODULES = YES;
				CLANG_ENABLE_OBJC_ARC = YES;
				CLANG_ENABLE_OBJC_WEAK = YES;
				CLANG_WARN_BLOCK_CAPTURE_AUTORELEASING = YES;
				CLANG_WARN_BOOL_CONVERSION = YES;
				CLANG_WARN_COMMA = YES;
				CLANG_WARN_CONSTANT_CONVERSION = YES;
				CLANG_WARN_DEPRECATED_OBJC_IMPLEMENTATIONS = YES;
				CLANG_WARN_DIRECT_OBJC_ISA_USAGE = YES_ERROR;
				CLANG_WARN_DOCUMENTATION_COMMENTS = YES;
				CLANG_WARN_EMPTY_BODY = YES;
				CLANG_WARN_ENUM_CONVERSION = YES;
				CLANG_WARN_INFINITE_RECURSION = YES;
				CLANG_WARN_INT_CONVERSION = YES;
				CLANG_WARN_NON_LITERAL_NULL_CONVERSION = YES;
				CLANG_WARN_OBJC_IMPLICIT_RETAIN_SELF = YES;
				CLANG_WARN_OBJC_LITERAL_CONVERSION = YES;
				CLANG_WARN_OBJC_ROOT_CLASS = YES_ERROR;
				CLANG_WARN_RANGE_LOOP_ANALYSIS = YES;
				CLANG_WARN_STRICT_PROTOTYPES = YES;
				CLANG_WARN_SUSPICIOUS_MOVE = YES;
				CLANG_WARN_UNGUARDED_AVAILABILITY = YES_AGGRESSIVE;
				CLANG_WARN_UNREACHABLE_CODE = YES;
				CLANG_WARN__DUPLICATE_METHOD_MATCH = YES;
				CODE_SIGN_IDENTITY = "iPhone Developer";
				COPY_PHASE_STRIP = NO;
				DEBUG_INFORMATION_FORMAT = dwarf;
				ENABLE_STRICT_OBJC_MSGSEND = YES;
				ENABLE_TESTABILITY = YES;
				GCC_C_LANGUAGE_STANDARD = gnu11;
				GCC_DYNAMIC_NO_PIC = NO;
				GCC_NO_COMMON_BLOCKS = YES;
				GCC_OPTIMIZATION_LEVEL = 0;
				GCC_PREPROCESSOR_DEFINITIONS = (
					"DEBUG=1",
					"$(inherited)",
				);
				GCC_WARN_64_TO_32_BIT_CONVERSION = YES;
				GCC_WARN_ABOUT_RETURN_TYPE = YES_ERROR;
				GCC_WARN_UNDECLARED_SELECTOR = YES;
				GCC_WARN_UNINITIALIZED_AUTOS = YES_AGGRESSIVE;
				GCC_WARN_UNUSED_FUNCTION = YES;
				GCC_WARN_UNUSED_VARIABLE = YES;
				IPHONEOS_DEPLOYMENT_TARGET = 12.2;
				MTL_ENABLE_DEBUG_INFO = INCLUDE_SOURCE;
				MTL_FAST_MATH = YES;
				ONLY_ACTIVE_ARCH = YES;
				SDKROOT = iphoneos;
				SWIFT_ACTIVE_COMPILATION_CONDITIONS = DEBUG;
				SWIFT_OPTIMIZATION_LEVEL = "-Onone";
			};
			name = Debug;
		};
		CFE8BD3322DCEB7A00A861C9 /* Release */ = {
			isa = XCBuildConfiguration;
			buildSettings = {
				ALWAYS_SEARCH_USER_PATHS = NO;
				CLANG_ANALYZER_NONNULL = YES;
				CLANG_ANALYZER_NUMBER_OBJECT_CONVERSION = YES_AGGRESSIVE;
				CLANG_CXX_LANGUAGE_STANDARD = "gnu++14";
				CLANG_CXX_LIBRARY = "libc++";
				CLANG_ENABLE_MODULES = YES;
				CLANG_ENABLE_OBJC_ARC = YES;
				CLANG_ENABLE_OBJC_WEAK = YES;
				CLANG_WARN_BLOCK_CAPTURE_AUTORELEASING = YES;
				CLANG_WARN_BOOL_CONVERSION = YES;
				CLANG_WARN_COMMA = YES;
				CLANG_WARN_CONSTANT_CONVERSION = YES;
				CLANG_WARN_DEPRECATED_OBJC_IMPLEMENTATIONS = YES;
				CLANG_WARN_DIRECT_OBJC_ISA_USAGE = YES_ERROR;
				CLANG_WARN_DOCUMENTATION_COMMENTS = YES;
				CLANG_WARN_EMPTY_BODY = YES;
				CLANG_WARN_ENUM_CONVERSION = YES;
				CLANG_WARN_INFINITE_RECURSION = YES;
				CLANG_WARN_INT_CONVERSION = YES;
				CLANG_WARN_NON_LITERAL_NULL_CONVERSION = YES;
				CLANG_WARN_OBJC_IMPLICIT_RETAIN_SELF = YES;
				CLANG_WARN_OBJC_LITERAL_CONVERSION = YES;
				CLANG_WARN_OBJC_ROOT_CLASS = YES_ERROR;
				CLANG_WARN_RANGE_LOOP_ANALYSIS = YES;
				CLANG_WARN_STRICT_PROTOTYPES = YES;
				CLANG_WARN_SUSPICIOUS_MOVE = YES;
				CLANG_WARN_UNGUARDED_AVAILABILITY = YES_AGGRESSIVE;
				CLANG_WARN_UNREACHABLE_CODE = YES;
				CLANG_WARN__DUPLICATE_METHOD_MATCH = YES;
				CODE_SIGN_IDENTITY = "iPhone Developer";
				COPY_PHASE_STRIP = NO;
				DEBUG_INFORMATION_FORMAT = "dwarf-with-dsym";
				ENABLE_NS_ASSERTIONS = NO;
				ENABLE_STRICT_OBJC_MSGSEND = YES;
				GCC_C_LANGUAGE_STANDARD = gnu11;
				GCC_NO_COMMON_BLOCKS = YES;
				GCC_WARN_64_TO_32_BIT_CONVERSION = YES;
				GCC_WARN_ABOUT_RETURN_TYPE = YES_ERROR;
				GCC_WARN_UNDECLARED_SELECTOR = YES;
				GCC_WARN_UNINITIALIZED_AUTOS = YES_AGGRESSIVE;
				GCC_WARN_UNUSED_FUNCTION = YES;
				GCC_WARN_UNUSED_VARIABLE = YES;
				IPHONEOS_DEPLOYMENT_TARGET = 12.2;
				MTL_ENABLE_DEBUG_INFO = NO;
				MTL_FAST_MATH = YES;
				SDKROOT = iphoneos;
				SWIFT_COMPILATION_MODE = wholemodule;
				SWIFT_OPTIMIZATION_LEVEL = "-O";
				VALIDATE_PRODUCT = YES;
			};
			name = Release;
		};
		CFE8BD3522DCEB7A00A861C9 /* Debug */ = {
			isa = XCBuildConfiguration;
			buildSettings = {
				ASSETCATALOG_COMPILER_APPICON_NAME = AppIcon;
				CODE_SIGN_STYLE = Automatic;
				DEVELOPMENT_TEAM = 33482W4AH2;
				FRAMEWORK_SEARCH_PATHS = (
					"$(inherited)",
					"$(PROJECT_DIR)/Carthage/Build/iOS",
				);
				INFOPLIST_FILE = "$(SRCROOT)/iOSGlobalChallenge/SupportingFiles/Info.plist";
				IPHONEOS_DEPLOYMENT_TARGET = 10.0;
				LD_RUNPATH_SEARCH_PATHS = (
					"$(inherited)",
					"@executable_path/Frameworks",
				);
				PRODUCT_BUNDLE_IDENTIFIER = com.reimondhill.iOSGlobalChallenge;
				PRODUCT_NAME = "$(TARGET_NAME)";
				SWIFT_VERSION = 5.0;
				TARGETED_DEVICE_FAMILY = "1,2";
			};
			name = Debug;
		};
		CFE8BD3622DCEB7A00A861C9 /* Release */ = {
			isa = XCBuildConfiguration;
			buildSettings = {
				ASSETCATALOG_COMPILER_APPICON_NAME = AppIcon;
				CODE_SIGN_STYLE = Automatic;
				DEVELOPMENT_TEAM = 33482W4AH2;
				FRAMEWORK_SEARCH_PATHS = (
					"$(inherited)",
					"$(PROJECT_DIR)/Carthage/Build/iOS",
				);
				INFOPLIST_FILE = "$(SRCROOT)/iOSGlobalChallenge/SupportingFiles/Info.plist";
				IPHONEOS_DEPLOYMENT_TARGET = 10.0;
				LD_RUNPATH_SEARCH_PATHS = (
					"$(inherited)",
					"@executable_path/Frameworks",
				);
				PRODUCT_BUNDLE_IDENTIFIER = com.reimondhill.iOSGlobalChallenge;
				PRODUCT_NAME = "$(TARGET_NAME)";
				SWIFT_VERSION = 5.0;
				TARGETED_DEVICE_FAMILY = "1,2";
			};
			name = Release;
		};
		CFE8BD3822DCEB7A00A861C9 /* Debug */ = {
			isa = XCBuildConfiguration;
			buildSettings = {
				ALWAYS_EMBED_SWIFT_STANDARD_LIBRARIES = YES;
				BUNDLE_LOADER = "$(TEST_HOST)";
				CODE_SIGN_STYLE = Automatic;
				DEVELOPMENT_TEAM = 33482W4AH2;
				FRAMEWORK_SEARCH_PATHS = (
					"$(PROJECT_DIR)/Carthage/Build/iOS",
					"$(inherited)",
				);
				INFOPLIST_FILE = iOSGlobalChallengeTests/SupportingFiles/Info.plist;
				LD_RUNPATH_SEARCH_PATHS = (
					"$(inherited)",
					"@executable_path/Frameworks",
					"@loader_path/Frameworks",
				);
				PRODUCT_BUNDLE_IDENTIFIER = com.reimondhill.iOSGlobalChallengeTests;
				PRODUCT_NAME = "$(TARGET_NAME)";
				SWIFT_VERSION = 5.0;
				TARGETED_DEVICE_FAMILY = "1,2";
				TEST_HOST = "$(BUILT_PRODUCTS_DIR)/iOSGlobalChallenge.app/iOSGlobalChallenge";
			};
			name = Debug;
		};
		CFE8BD3922DCEB7A00A861C9 /* Release */ = {
			isa = XCBuildConfiguration;
			buildSettings = {
				ALWAYS_EMBED_SWIFT_STANDARD_LIBRARIES = YES;
				BUNDLE_LOADER = "$(TEST_HOST)";
				CODE_SIGN_STYLE = Automatic;
				DEVELOPMENT_TEAM = 33482W4AH2;
				FRAMEWORK_SEARCH_PATHS = (
					"$(PROJECT_DIR)/Carthage/Build/iOS",
					"$(inherited)",
				);
				INFOPLIST_FILE = iOSGlobalChallengeTests/SupportingFiles/Info.plist;
				LD_RUNPATH_SEARCH_PATHS = (
					"$(inherited)",
					"@executable_path/Frameworks",
					"@loader_path/Frameworks",
				);
				PRODUCT_BUNDLE_IDENTIFIER = com.reimondhill.iOSGlobalChallengeTests;
				PRODUCT_NAME = "$(TARGET_NAME)";
				SWIFT_VERSION = 5.0;
				TARGETED_DEVICE_FAMILY = "1,2";
				TEST_HOST = "$(BUILT_PRODUCTS_DIR)/iOSGlobalChallenge.app/iOSGlobalChallenge";
			};
			name = Release;
		};
		CFE8BD3B22DCEB7A00A861C9 /* Debug */ = {
			isa = XCBuildConfiguration;
			buildSettings = {
				ALWAYS_EMBED_SWIFT_STANDARD_LIBRARIES = YES;
				CODE_SIGN_STYLE = Automatic;
				DEVELOPMENT_TEAM = 33482W4AH2;
				INFOPLIST_FILE = iOSGlobalChallengeUITests/Info.plist;
				LD_RUNPATH_SEARCH_PATHS = (
					"$(inherited)",
					"@executable_path/Frameworks",
					"@loader_path/Frameworks",
				);
				PRODUCT_BUNDLE_IDENTIFIER = com.reimondhill.iOSGlobalChallengeUITests;
				PRODUCT_NAME = "$(TARGET_NAME)";
				SWIFT_VERSION = 5.0;
				TARGETED_DEVICE_FAMILY = "1,2";
				TEST_TARGET_NAME = iOSGlobalChallenge;
			};
			name = Debug;
		};
		CFE8BD3C22DCEB7A00A861C9 /* Release */ = {
			isa = XCBuildConfiguration;
			buildSettings = {
				ALWAYS_EMBED_SWIFT_STANDARD_LIBRARIES = YES;
				CODE_SIGN_STYLE = Automatic;
				DEVELOPMENT_TEAM = 33482W4AH2;
				INFOPLIST_FILE = iOSGlobalChallengeUITests/Info.plist;
				LD_RUNPATH_SEARCH_PATHS = (
					"$(inherited)",
					"@executable_path/Frameworks",
					"@loader_path/Frameworks",
				);
				PRODUCT_BUNDLE_IDENTIFIER = com.reimondhill.iOSGlobalChallengeUITests;
				PRODUCT_NAME = "$(TARGET_NAME)";
				SWIFT_VERSION = 5.0;
				TARGETED_DEVICE_FAMILY = "1,2";
				TEST_TARGET_NAME = iOSGlobalChallenge;
			};
			name = Release;
		};
/* End XCBuildConfiguration section */

/* Begin XCConfigurationList section */
		CFE8BD0422DCEB7900A861C9 /* Build configuration list for PBXProject "iOSGlobalChallenge" */ = {
			isa = XCConfigurationList;
			buildConfigurations = (
				CFE8BD3222DCEB7A00A861C9 /* Debug */,
				CFE8BD3322DCEB7A00A861C9 /* Release */,
			);
			defaultConfigurationIsVisible = 0;
			defaultConfigurationName = Release;
		};
		CFE8BD3422DCEB7A00A861C9 /* Build configuration list for PBXNativeTarget "iOSGlobalChallenge" */ = {
			isa = XCConfigurationList;
			buildConfigurations = (
				CFE8BD3522DCEB7A00A861C9 /* Debug */,
				CFE8BD3622DCEB7A00A861C9 /* Release */,
			);
			defaultConfigurationIsVisible = 0;
			defaultConfigurationName = Release;
		};
		CFE8BD3722DCEB7A00A861C9 /* Build configuration list for PBXNativeTarget "iOSGlobalChallengeTests" */ = {
			isa = XCConfigurationList;
			buildConfigurations = (
				CFE8BD3822DCEB7A00A861C9 /* Debug */,
				CFE8BD3922DCEB7A00A861C9 /* Release */,
			);
			defaultConfigurationIsVisible = 0;
			defaultConfigurationName = Release;
		};
		CFE8BD3A22DCEB7A00A861C9 /* Build configuration list for PBXNativeTarget "iOSGlobalChallengeUITests" */ = {
			isa = XCConfigurationList;
			buildConfigurations = (
				CFE8BD3B22DCEB7A00A861C9 /* Debug */,
				CFE8BD3C22DCEB7A00A861C9 /* Release */,
			);
			defaultConfigurationIsVisible = 0;
			defaultConfigurationName = Release;
		};
/* End XCConfigurationList section */

/* Begin XCVersionGroup section */
		CFE8BD1322DCEB7900A861C9 /* iOSGlobalChallenge.xcdatamodeld */ = {
			isa = XCVersionGroup;
			children = (
				CFE8BD1422DCEB7900A861C9 /* iOSGlobalChallenge.xcdatamodel */,
			);
			currentVersion = CFE8BD1422DCEB7900A861C9 /* iOSGlobalChallenge.xcdatamodel */;
			path = iOSGlobalChallenge.xcdatamodeld;
			sourceTree = "<group>";
			versionGroupType = wrapper.xcdatamodel;
		};
/* End XCVersionGroup section */
	};
	rootObject = CFE8BD0122DCEB7900A861C9 /* Project object */;
}
